DEPENDENCIES
  ark
  build-essential
  consul
  elasticsearch (< 1.0.0)
  firewall (< 2.0.0)
  ipaddr_extensions
  java
    git: git://github.com/agileorbit-cookbooks/java.git
    revision: 00b9c8c04e3684adcb7ae802cdea1bd9ae28c317
  jenkins
  libarchive (< 0.5.0)
  monit
  mosh
  opsworks-layer-json-attributes
    git: git://github.com/jcoleman/opsworks-layer-json-attributes-cookbook.git
    revision: 09bf7adc1e931e05241893737e4efdee1b85e893
  opsworks_wordpress
    git: git://github.com/polydice/opsworks_wordpress.git
    revision: d9ebfa25640d0e637d2ae668dc8bcacf09a80e9f
  poise (< 2.0.0)
  rsyslog
  sidekiq
    git: git://github.com/dlackty/opsworks-sidekiq.git
    revision: 0762bf8e5425aad502f45362e84d76d8e77845a2
  sysctl
  td-agent
    git: git://github.com/treasure-data/chef-td-agent.git
    revision: f4ae0f7ce48e1cd59d75d8226bfa79e6c7307590
  ulimit

GRAPH
  7-zip (1.0.2)
    windows (>= 1.2.2)
  apt (2.9.2)
  ark (0.9.0)
    7-zip (>= 0.0.0)
    windows (>= 0.0.0)
  build-essential (2.2.4)
  chef-provisioning (0.1.2)
    build-essential (>= 0.0.0)
  chef-sugar (3.1.1)
  chef_handler (1.2.0)
  compat_resource (12.5.14)
  consul (0.10.1)
    chef-provisioning (>= 0.0.0)
    golang (~> 1.4)
    libarchive (~> 0.4.0)
    packagecloud (>= 0.0.0)
    runit (>= 0.0.0)
    yum-repoforge (>= 0.0.0)
  elasticsearch (0.3.14)
    ark (>= 0.2.4)
  firewall (1.6.2)
    poise (~> 1.0)
  golang (1.7.0)
  hhvm (0.6.0)
    apt (>= 0.0.0)
    yum (>= 0.0.0)
  ipaddr_extensions (0.3.1)
  java (1.37.0)
    apt (>= 0.0.0)
  jenkins (2.4.1)
    apt (~> 2.0)
    runit (~> 1.5)
    yum (~> 3.0)
  libarchive (0.4.4)
    apt (~> 2.5)
    build-essential (~> 2.0)
  monit (0.7.5)
  mosh (0.4.0)
    apt (>= 0.0.0)
    yum (>= 0.0.0)
    yum-epel (>= 0.0.0)
  ohai (2.0.4)
  openssl (4.4.0)
    chef-sugar (>= 3.1.1)
  opsworks-layer-json-attributes (0.1.0)
  opsworks_wordpress (0.1.0)
    hhvm (>= 0.0.0)
    openssl (>= 0.0.0)
  packagecloud (0.1.1)
  poise (1.0.12)
  rsyslog (3.0.0)
    compat_resource (>= 0.0.0)
  runit (1.7.4)
    packagecloud (>= 0.0.0)
  sidekiq (1.0.0)
  sysctl (0.6.2)
    ohai (>= 0.0.0)
  td-agent (2.1.5)
    apt (>= 0.0.0)
    yum (>= 0.0.0)
  ulimit (0.3.3)
  windows (1.38.4)
    chef_handler (>= 0.0.0)
  yum (3.8.2)
  yum-epel (0.6.5)
    yum (~> 3.2)
  yum-repoforge (0.5.5)
    yum (~> 3.2)
    yum-epel (>= 0.0.0)
