DEPENDENCIES
  build-essential
  datadog
  docker
  ecs
    path: ecs
  fluentd_config
    path: fluentd_config
  java
  jenkins
  librato-collectd
    path: librato-collectd
  mosh
  opsworks-layer-json-attributes
    git: git://github.com/jcoleman/opsworks-layer-json-attributes-cookbook.git
    revision: 09bf7adc1e931e05241893737e4efdee1b85e893
  sysctl
  td-agent
  ulimit

GRAPH
  apt (2.9.2)
  build-essential (2.2.4)
  chef_handler (1.1.9)
  compat_resource (12.9.1)
  datadog (2.2.0)
    apt (>= 0.0.0)
    chef_handler (~> 1.1.0)
    windows (>= 0.0.0)
    yum (>= 0.0.0)
  docker (2.6.8)
    compat_resource (>= 12.9.0)
  ecs (0.1.0)
    apt (>= 0.0.0)
    docker (>= 0.0.0)
  fluentd_config (0.1.0)
    td-agent (>= 0.0.0)
  java (1.39.0)
    apt (>= 0.0.0)
  jenkins (2.4.1)
    apt (~> 2.0)
    runit (~> 1.5)
    yum (~> 3.0)
  librato-collectd (0.1.0)
    packagecloud (>= 0.0.0)
  mosh (0.4.0)
    apt (>= 0.0.0)
    yum (>= 0.0.0)
    yum-epel (>= 0.0.0)
  ohai (2.1.0)
  opsworks-layer-json-attributes (0.1.0)
  packagecloud (0.1.1)
  runit (1.7.6)
    packagecloud (>= 0.0.0)
  sysctl (0.7.0)
    ohai (>= 0.0.0)
  td-agent (2.2.0)
    apt (>= 0.0.0)
    yum (>= 0.0.0)
  ulimit (0.3.3)
  windows (1.39.1)
    chef_handler (>= 0.0.0)
  yum (3.10.0)
  yum-epel (0.6.5)
    yum (~> 3.2)
