{
  "sources": {
    "ark": {
      "locked_version": "0.8.2"
    },
    "build-essential": {
      "locked_version": "1.4.4"
    },
    "docker": {
      "locked_version": "0.34.1"
    },
    "dokku": {
      "locked_version": "0.2.0",
      "git": "https://github.com/fgrehm/chef-dokku.git",
      "ref": "a7f76c688c6b0f4b49b85afb89af99037a58abe6"
    },
    "elasticsearch": {
      "locked_version": "0.3.8"
    },
    "ipaddr_extensions": {
      "locked_version": "0.3.0"
    },
    "java": {
      "locked_version": "1.22.0"
    },
    "mosh": {
      "locked_version": "0.3.0"
    },
    "redisio": {
      "locked_version": "1.7.1"
    },
    "rsyslog": {
      "locked_version": "1.12.2"
    },
    "sysctl": {
      "locked_version": "0.4.0"
    },
    "ulimit": {
      "locked_version": "0.3.2"
    },
    "apt": {
      "locked_version": "2.3.10"
    },
    "aufs": {
      "locked_version": "0.1.1"
    },
    "modules": {
      "locked_version": "0.2.0"
    },
    "device-mapper": {
      "locked_version": "0.1.0"
    },
    "git": {
      "locked_version": "4.0.2"
    },
    "dmg": {
      "locked_version": "2.2.0"
    },
    "windows": {
      "locked_version": "1.30.2"
    },
    "chef_handler": {
      "locked_version": "1.1.6"
    },
    "runit": {
      "locked_version": "1.5.10"
    },
    "yum": {
      "locked_version": "3.2.0"
    },
    "yum-epel": {
      "locked_version": "0.3.6"
    },
    "golang": {
      "locked_version": "1.3.0"
    },
    "homebrew": {
      "locked_version": "1.6.0"
    },
    "lxc": {
      "locked_version": "1.1.8"
    },
    "dpkg_autostart": {
      "locked_version": "0.1.10"
    },
    "user": {
      "locked_version": "0.3.0"
    },
    "sudo": {
      "locked_version": "2.5.2"
    },
    "nginx": {
      "locked_version": "2.2.2"
    },
    "bluepill": {
      "locked_version": "2.3.1"
    },
    "ohai": {
      "locked_version": "1.1.12"
    },
    "xml": {
      "locked_version": "1.2.4"
    },
    "monit": {
      "locked_version": "0.7.1"
    }
  }
}
